
Microsoft Visual Studio Solution File, Format Version 12.00
# Visual Studio Version 16
VisualStudioVersion = 16.0.30907.101
MinimumVisualStudioVersion = 10.0.40219.1
Project("{FAE04EC0-301F-11D3-BF4B-00C04F79EFBC}") = "Mode.Validation.validation.Attribute.API", "Mode.Validation.validation.Attribute.API\Mode.Validation.validation.Attribute.API.csproj", "{C8310B1C-1833-44A8-96F2-61969F5DF2BD}"
EndProject
Project("{FAE04EC0-301F-11D3-BF4B-00C04F79EFBC}") = "Mode.Validation.validation.Attribute.Common", "Mode.Validation.validation.Attribute.Common\Mode.Validation.validation.Attribute.Common.csproj", "{4A340CE8-EF81-4007-8B42-EA41331A6718}"
EndProject
Global
	GlobalSection(SolutionConfigurationPlatforms) = preSolution
		Debug|Any CPU = Debug|Any CPU
		Release|Any CPU = Release|Any CPU
	EndGlobalSection
	GlobalSection(ProjectConfigurationPlatforms) = postSolution
		{C8310B1C-1833-44A8-96F2-61969F5DF2BD}.Debug|Any CPU.ActiveCfg = Debug|Any CPU
		{C8310B1C-1833-44A8-96F2-61969F5DF2BD}.Debug|Any CPU.Build.0 = Debug|Any CPU
		{C8310B1C-1833-44A8-96F2-61969F5DF2BD}.Release|Any CPU.ActiveCfg = Release|Any CPU
		{C8310B1C-1833-44A8-96F2-61969F5DF2BD}.Release|Any CPU.Build.0 = Release|Any CPU
		{4A340CE8-EF81-4007-8B42-EA41331A6718}.Debug|Any CPU.ActiveCfg = Debug|Any CPU
		{4A340CE8-EF81-4007-8B42-EA41331A6718}.Debug|Any CPU.Build.0 = Debug|Any CPU
		{4A340CE8-EF81-4007-8B42-EA41331A6718}.Release|Any CPU.ActiveCfg = Release|Any CPU
		{4A340CE8-EF81-4007-8B42-EA41331A6718}.Release|Any CPU.Build.0 = Release|Any CPU
	EndGlobalSection
	GlobalSection(SolutionProperties) = preSolution
		HideSolutionNode = FALSE
	EndGlobalSection
	GlobalSection(ExtensibilityGlobals) = postSolution
		SolutionGuid = {EE1E761D-3FEB-416C-98A0-4C9C20B4958D}
	EndGlobalSection
EndGlobal
